<?xml version="1.0" encoding="UTF-8" standalone="yes" ?>
<CodeBlocks_project_file>
	<FileVersion major="1" minor="6" />
	<Project>
		<Option title="FGD" />
		<Option pch_mode="2" />
		<Option compiler="gcc" />
		<Build>
			<Target title="Debug">
				<Option output="bin/Debug/FGD" prefix_auto="1" extension_auto="1" />
				<Option object_output="obj/Debug/" />
				<Option type="1" />
				<Option compiler="gcc" />
				<Compiler>
					<Add option="-g" />
					<Add directory="include" />
				</Compiler>
			</Target>
			<Target title="Release">
				<Option output="bin/Release/FGD" prefix_auto="1" extension_auto="1" />
				<Option object_output="obj/Release/" />
				<Option type="1" />
				<Option compiler="gcc" />
				<Compiler>
					<Add option="-O2" />
					<Add directory="include" />
				</Compiler>
				<Linker>
					<Add option="-s" />
				</Linker>
			</Target>
		</Build>
		<Compiler>
			<Add option="-Wall" />
			<Add option="-fexceptions" />
		</Compiler>
		<Unit filename="include/BaseGame.h" />
		<Unit filename="include/DAOManager.h" />
		<Unit filename="include/DAOMap.h" />
		<Unit filename="include/GameState.h" />
		<Unit filename="include/GameStateManager.h" />
		<Unit filename="include/Pojos/Character.h" />
		<Unit filename="include/Pojos/Drawable.h" />
		<Unit filename="include/Pojos/Enemy.h" />
		<Unit filename="include/Pojos/Inventory.h" />
		<Unit filename="include/Pojos/Map.h" />
		<Unit filename="include/Pojos/Object.h" />
		<Unit filename="include/Pojos/Player.h" />
		<Unit filename="include/Pojos/Potion.h" />
		<Unit filename="include/Pojos/Shield.h" />
		<Unit filename="include/Pojos/Skelleton.h" />
		<Unit filename="include/Pojos/Sword.h" />
		<Unit filename="include/Pojos/Weapon.h" />
		<Unit filename="src/BaseGame.cpp" />
		<Unit filename="src/Character.cpp" />
		<Unit filename="src/Dao/DAOManager.cpp" />
		<Unit filename="src/Dao/DAOMap.cpp" />
		<Unit filename="src/Drawable.cpp" />
		<Unit filename="src/Enemy.cpp" />
		<Unit filename="src/GameStateManager.cpp" />
		<Unit filename="src/Inventory.cpp" />
		<Unit filename="src/Main/Main.cpp" />
		<Unit filename="src/Map.cpp" />
		<Unit filename="src/Object.cpp" />
		<Unit filename="src/Player.cpp" />
		<Unit filename="src/Pojos_implement/Character.cpp" />
		<Unit filename="src/Pojos_implement/Drawable.cpp" />
		<Unit filename="src/Pojos_implement/Enemy.cpp" />
		<Unit filename="src/Pojos_implement/Inventory.cpp" />
		<Unit filename="src/Pojos_implement/Map.cpp" />
		<Unit filename="src/Pojos_implement/Object.cpp" />
		<Unit filename="src/Pojos_implement/Player.cpp" />
		<Unit filename="src/Pojos_implement/Potion.cpp" />
		<Unit filename="src/Pojos_implement/Shield.cpp" />
		<Unit filename="src/Pojos_implement/Skelleton.cpp" />
		<Unit filename="src/Pojos_implement/Sword.cpp" />
		<Unit filename="src/Pojos_implement/Weapon.cpp" />
		<Unit filename="src/Potion.cpp" />
		<Unit filename="src/Resources/Sprite1.bmp" />
		<Unit filename="src/Resources/grass.bmp" />
		<Unit filename="src/Shield.cpp" />
		<Unit filename="src/Sword.cpp" />
		<Unit filename="src/Weapon.cpp" />
		<Extensions>
			<code_completion />
			<envvars />
			<debugger />
		</Extensions>
	</Project>
</CodeBlocks_project_file>
