<?xml version="1.0" encoding="UTF-8" standalone="yes" ?>
<CodeBlocks_project_file>
	<FileVersion major="1" minor="6" />
	<Project>
		<Option title="FGD" />
		<Option pch_mode="2" />
		<Option compiler="gcc" />
		<Build>
			<Target title="Debug">
				<Option output="bin/Debug/FGD" prefix_auto="1" extension_auto="1" />
				<Option object_output="obj/Debug/" />
				<Option type="1" />
				<Option compiler="gcc" />
				<Compiler>
					<Add option="-g" />
					<Add directory="include" />
				</Compiler>
			</Target>
			<Target title="Release">
				<Option output="bin/Release/FGD" prefix_auto="1" extension_auto="1" />
				<Option object_output="obj/Release/" />
				<Option type="1" />
				<Option compiler="gcc" />
				<Compiler>
					<Add option="-O2" />
					<Add directory="include" />
				</Compiler>
				<Linker>
					<Add option="-s" />
				</Linker>
			</Target>
		</Build>
		<Compiler>
			<Add option="-Wall" />
			<Add option="-fexceptions" />
		</Compiler>
		<Unit filename="include/BaseGame.h" />
		<Unit filename="include/Character.h" />
		<Unit filename="include/DAOManager.h" />
		<Unit filename="include/DAOMap.h" />
		<Unit filename="include/Drawable.h" />
		<Unit filename="include/Enemy.h" />
		<Unit filename="include/GameState.h" />
		<Unit filename="include/GameStateManager.h" />
		<Unit filename="include/House.h" />
		<Unit filename="include/Inventory.h" />
		<Unit filename="include/LoginState.h" />
		<Unit filename="include/Map.h" />
		<Unit filename="include/MenuEscState.h" />
		<Unit filename="include/MenuInitialState.h" />
		<Unit filename="include/MenuInventarioState.h" />
		<Unit filename="include/MenuOptionsGameState.h" />
		<Unit filename="include/MenuOptionsState.h" />
		<Unit filename="include/Music.h" />
		<Unit filename="include/Object.h" />
		<Unit filename="include/Player.h" />
		<Unit filename="include/Potion.h" />
		<Unit filename="include/Shield.h" />
		<Unit filename="include/Skelleton.h" />
		<Unit filename="include/State.h" />
		<Unit filename="include/Sword.h" />
		<Unit filename="include/TextState.h" />
		<Unit filename="include/Timer.h" />
		<Unit filename="include/Weapon.h" />
		<Unit filename="src/BaseGame.cpp" />
		<Unit filename="src/BaseGame.cpp.orig" />
		<Unit filename="src/Character.cpp" />
		<Unit filename="src/Dao/DAOManager.cpp" />
		<Unit filename="src/Dao/DAOMap.cpp" />
		<Unit filename="src/Dao/DAOMap.cpp.orig" />
		<Unit filename="src/Drawable.cpp" />
		<Unit filename="src/Enemy.cpp" />
		<Unit filename="src/Enemy.cpp.orig" />
		<Unit filename="src/GameState.cpp" />
		<Unit filename="src/GameStateManager.cpp" />
		<Unit filename="src/House.cpp" />
		<Unit filename="src/Inventory.cpp" />
		<Unit filename="src/LoginState.cpp" />
		<Unit filename="src/LostState.cpp" />
		<Unit filename="src/Main/Main.cpp" />
		<Unit filename="src/Map.cpp" />
		<Unit filename="src/MenuEscState.cpp" />
		<Unit filename="src/MenuInitialState.cpp" />
		<Unit filename="src/MenuInventarioState.cpp" />
		<Unit filename="src/MenuInventarioState.cpp.save-failed" />
		<Unit filename="src/MenuOptionsGameState.cpp" />
		<Unit filename="src/MenuOptionsState.cpp" />
		<Unit filename="src/Music.cpp" />
		<Unit filename="src/Object.cpp" />
		<Unit filename="src/Player.cpp" />
		<Unit filename="src/Potion.cpp" />
		<Unit filename="src/Resources/First_Map/arbol.bmp" />
		<Unit filename="src/Resources/First_Map/casa.png" />
		<Unit filename="src/Resources/First_Map/grass.bmp" />
		<Unit filename="src/Resources/First_Map/volcan.bmp" />
		<Unit filename="src/Resources/Inventario.bmp" />
		<Unit filename="src/Resources/Inventory/coin_gold.bmp" />
		<Unit filename="src/Resources/Inventory/pagination_1.bmp" />
		<Unit filename="src/Resources/Inventory/pagination_2.bmp" />
		<Unit filename="src/Resources/Inventory/sword.bmp" />
		<Unit filename="src/Resources/LoginState/background_menu_initial.bmp" />
		<Unit filename="src/Resources/LoginState/cruz.bmp" />
		<Unit filename="src/Resources/LoginState/enter.bmp" />
		<Unit filename="src/Resources/LoginState/enter_pressed.bmp" />
		<Unit filename="src/Resources/LoginState/recuadroUser_Pass.bmp" />
		<Unit filename="src/Resources/LoginState/recuadroUser_Pass_Pressed.bmp" />
		<Unit filename="src/Resources/LoginState/registrar.bmp" />
		<Unit filename="src/Resources/LoginState/registrar_pressed.bmp" />
		<Unit filename="src/Resources/LoginState/shield_logo_all.bmp" />
		<Unit filename="src/Resources/LoginState/terminar.bmp" />
		<Unit filename="src/Resources/LoginState/terminar_pressed.bmp" />
		<Unit filename="src/Resources/Map_2/background_map.bmp" />
		<Unit filename="src/Resources/Map_3/background_map.bmp" />
		<Unit filename="src/Resources/Map_4/background_map.bmp" />
		<Unit filename="src/Resources/Menu_esc/background_menu_esc.bmp" />
		<Unit filename="src/Resources/Menu_esc/guardar_partida.bmp" />
		<Unit filename="src/Resources/Menu_esc/guardar_partida_pressed.bmp" />
		<Unit filename="src/Resources/Menu_esc/leave_game.bmp" />
		<Unit filename="src/Resources/Menu_esc/leave_game_pressed.bmp" />
		<Unit filename="src/Resources/Menu_esc/menu_initial_game.bmp" />
		<Unit filename="src/Resources/Menu_esc/menu_initial_game_pressed.bmp" />
		<Unit filename="src/Resources/Menu_esc/options_esc.bmp" />
		<Unit filename="src/Resources/Menu_esc/options_esc_pressed.bmp" />
		<Unit filename="src/Resources/Menu_esc/return_game.bmp" />
		<Unit filename="src/Resources/Menu_esc/return_game_pressed.bmp" />
		<Unit filename="src/Resources/Menu_game_options/background_menu_esc.bmp" />
		<Unit filename="src/Resources/Menu_game_options/music.bmp" />
		<Unit filename="src/Resources/Menu_game_options/music_checked.bmp" />
		<Unit filename="src/Resources/Menu_game_options/music_checked_pressed.bmp" />
		<Unit filename="src/Resources/Menu_game_options/music_pressed.bmp" />
		<Unit filename="src/Resources/Menu_game_options/return.bmp" />
		<Unit filename="src/Resources/Menu_game_options/return_pressed.bmp" />
		<Unit filename="src/Resources/Mouse.bmp" />
		<Unit filename="src/Resources/Music/wah_fuzz.wav" />
		<Unit filename="src/Resources/PLAYER1/PAD1.bmp" />
		<Unit filename="src/Resources/PLAYER1/PAD2.bmp" />
		<Unit filename="src/Resources/PLAYER1/PAD3.bmp" />
		<Unit filename="src/Resources/PLAYER1/PAD4.bmp" />
		<Unit filename="src/Resources/PLAYER1/PAL1.bmp" />
		<Unit filename="src/Resources/PLAYER1/PAL2.bmp" />
		<Unit filename="src/Resources/PLAYER1/PAL3.bmp" />
		<Unit filename="src/Resources/PLAYER1/PAL4.bmp" />
		<Unit filename="src/Resources/PLAYER1/PAR1.bmp" />
		<Unit filename="src/Resources/PLAYER1/PAR2.bmp" />
		<Unit filename="src/Resources/PLAYER1/PAR3.bmp" />
		<Unit filename="src/Resources/PLAYER1/PAR4.bmp" />
		<Unit filename="src/Resources/PLAYER1/PAU1.bmp" />
		<Unit filename="src/Resources/PLAYER1/PAU2.bmp" />
		<Unit filename="src/Resources/PLAYER1/PAU3.bmp" />
		<Unit filename="src/Resources/PLAYER1/PAU4.bmp" />
		<Unit filename="src/Resources/PLAYER1/PWD1.bmp" />
		<Unit filename="src/Resources/PLAYER1/PWD2.bmp" />
		<Unit filename="src/Resources/PLAYER1/PWD4.bmp" />
		<Unit filename="src/Resources/PLAYER1/PWL1.bmp" />
		<Unit filename="src/Resources/PLAYER1/PWL2.bmp" />
		<Unit filename="src/Resources/PLAYER1/PWL4.bmp" />
		<Unit filename="src/Resources/PLAYER1/PWR1.bmp" />
		<Unit filename="src/Resources/PLAYER1/PWR2.bmp" />
		<Unit filename="src/Resources/PLAYER1/PWR4.bmp" />
		<Unit filename="src/Resources/PLAYER1/PWU1.bmp" />
		<Unit filename="src/Resources/PLAYER1/PWU2.bmp" />
		<Unit filename="src/Resources/PLAYER1/PWU4.bmp" />
		<Unit filename="src/Resources/Player_Front.bmp" />
		<Unit filename="src/Resources/Player_Front_With_Sword.bmp" />
		<Unit filename="src/Resources/Player_W_Trans.bmp" />
		<Unit filename="src/Resources/SKELETON1/SAD1.bmp" />
		<Unit filename="src/Resources/SKELETON1/SAD2.bmp" />
		<Unit filename="src/Resources/SKELETON1/SAD3.bmp" />
		<Unit filename="src/Resources/SKELETON1/SAD4.bmp" />
		<Unit filename="src/Resources/SKELETON1/SAL1.bmp" />
		<Unit filename="src/Resources/SKELETON1/SAL2.bmp" />
		<Unit filename="src/Resources/SKELETON1/SAL3.bmp" />
		<Unit filename="src/Resources/SKELETON1/SAL4.bmp" />
		<Unit filename="src/Resources/SKELETON1/SAR1.bmp" />
		<Unit filename="src/Resources/SKELETON1/SAR2.bmp" />
		<Unit filename="src/Resources/SKELETON1/SAR3.bmp" />
		<Unit filename="src/Resources/SKELETON1/SAR4.bmp" />
		<Unit filename="src/Resources/SKELETON1/SAU1.bmp" />
		<Unit filename="src/Resources/SKELETON1/SAU2.bmp" />
		<Unit filename="src/Resources/SKELETON1/SAU3.bmp" />
		<Unit filename="src/Resources/SKELETON1/SAU4.bmp" />
		<Unit filename="src/Resources/SKELETON1/SDD1.bmp" />
		<Unit filename="src/Resources/SKELETON1/SDD2.bmp" />
		<Unit filename="src/Resources/SKELETON1/SDD3.bmp" />
		<Unit filename="src/Resources/SKELETON1/SDD4.bmp" />
		<Unit filename="src/Resources/SKELETON1/SDL1.bmp" />
		<Unit filename="src/Resources/SKELETON1/SDL2.bmp" />
		<Unit filename="src/Resources/SKELETON1/SDL3.bmp" />
		<Unit filename="src/Resources/SKELETON1/SDL4.bmp" />
		<Unit filename="src/Resources/SKELETON1/SDR1.bmp" />
		<Unit filename="src/Resources/SKELETON1/SDR2.bmp" />
		<Unit filename="src/Resources/SKELETON1/SDR3.bmp" />
		<Unit filename="src/Resources/SKELETON1/SDR4.bmp" />
		<Unit filename="src/Resources/SKELETON1/SDU1.bmp" />
		<Unit filename="src/Resources/SKELETON1/SDU2.bmp" />
		<Unit filename="src/Resources/SKELETON1/SDU3.bmp" />
		<Unit filename="src/Resources/SKELETON1/SDU4.bmp" />
		<Unit filename="src/Resources/SKELETON1/SWD1.bmp" />
		<Unit filename="src/Resources/SKELETON1/SWD2.bmp" />
		<Unit filename="src/Resources/SKELETON1/SWD4.bmp" />
		<Unit filename="src/Resources/SKELETON1/SWL1.bmp" />
		<Unit filename="src/Resources/SKELETON1/SWL2.bmp" />
		<Unit filename="src/Resources/SKELETON1/SWL4.bmp" />
		<Unit filename="src/Resources/SKELETON1/SWR1.bmp" />
		<Unit filename="src/Resources/SKELETON1/SWR2.bmp" />
		<Unit filename="src/Resources/SKELETON1/SWR4.bmp" />
		<Unit filename="src/Resources/SKELETON1/SWU1.bmp" />
		<Unit filename="src/Resources/SKELETON1/SWU2.bmp" />
		<Unit filename="src/Resources/SKELETON1/SWU4.bmp" />
		<Unit filename="src/Resources/Sprite1.bmp" />
		<Unit filename="src/Resources/back.bmp" />
		<Unit filename="src/Resources/back_pressed.bmp" />
		<Unit filename="src/Resources/background_menu_initial.bmp" />
		<Unit filename="src/Resources/background_menuinitial.bmp" />
		<Unit filename="src/Resources/grass.bmp" />
		<Unit filename="src/Resources/health.bmp" />
		<Unit filename="src/Resources/house.bmp" />
		<Unit filename="src/Resources/house1.bmp" />
		<Unit filename="src/Resources/hpbarblack.bmp" />
		<Unit filename="src/Resources/leave.bmp" />
		<Unit filename="src/Resources/leave_pressed.bmp" />
		<Unit filename="src/Resources/level_easy.bmp" />
		<Unit filename="src/Resources/level_easy_pressed.bmp" />
		<Unit filename="src/Resources/level_hard.bmp" />
		<Unit filename="src/Resources/level_hard_pressed.bmp" />
		<Unit filename="src/Resources/level_medium.bmp" />
		<Unit filename="src/Resources/level_medium_pressed.bmp" />
		<Unit filename="src/Resources/menu_initial.bmp" />
		<Unit filename="src/Resources/menu_initial_pressed.bmp" />
		<Unit filename="src/Resources/music.bmp" />
		<Unit filename="src/Resources/music_checked.bmp" />
		<Unit filename="src/Resources/music_checked_pressed.bmp" />
		<Unit filename="src/Resources/music_pressed.bmp" />
		<Unit filename="src/Resources/new_game.bmp" />
		<Unit filename="src/Resources/new_game_pressed.bmp" />
		<Unit filename="src/Resources/options.bmp" />
		<Unit filename="src/Resources/options_pressed.bmp" />
		<Unit filename="src/Resources/player_inventory.bmp" />
		<Unit filename="src/Resources/return.bmp" />
		<Unit filename="src/Resources/rocks.bmp" />
		<Unit filename="src/Resources/shield.bmp" />
		<Unit filename="src/Resources/shield_logo_all.bmp" />
		<Unit filename="src/Shield.cpp" />
		<Unit filename="src/Skelleton.cpp" />
		<Unit filename="src/Sword.cpp" />
		<Unit filename="src/TextState.cpp" />
		<Unit filename="src/Timer.cpp" />
		<Unit filename="src/Weapon.cpp" />
		<Unit filename="src/WinState.cpp" />
		<Extensions>
			<code_completion />
			<envvars />
			<debugger />
		</Extensions>
	</Project>
</CodeBlocks_project_file>
