<?xml version="1.0" encoding="UTF-8" standalone="yes" ?>
<CodeBlocks_project_file>
	<FileVersion major="1" minor="6" />
	<Project>
		<Option title="FGD" />
		<Option pch_mode="2" />
		<Option compiler="gcc" />
		<Build>
			<Target title="Debug">
				<Option output="bin/Debug/FGD" prefix_auto="1" extension_auto="1" />
				<Option object_output="obj/Debug/" />
				<Option type="1" />
				<Option compiler="gcc" />
				<Compiler>
					<Add option="-g" />
					<Add directory="include" />
				</Compiler>
			</Target>
			<Target title="Release">
				<Option output="bin/Release/FGD" prefix_auto="1" extension_auto="1" />
				<Option object_output="obj/Release/" />
				<Option type="1" />
				<Option compiler="gcc" />
				<Compiler>
					<Add option="-O2" />
					<Add directory="include" />
				</Compiler>
				<Linker>
					<Add option="-s" />
				</Linker>
			</Target>
		</Build>
		<Compiler>
			<Add option="-Wall" />
			<Add option="-fexceptions" />
		</Compiler>
		<Unit filename="include/BaseGame.h" />
		<Unit filename="include/Character.h" />
		<Unit filename="include/DAOManager.h" />
		<Unit filename="include/DAOMap.h" />
		<Unit filename="include/Drawable.h" />
		<Unit filename="include/Enemy.h" />
		<Unit filename="include/GameState.h" />
		<Unit filename="include/GameStateManager.h" />
		<Unit filename="include/House.h" />
		<Unit filename="include/Inventory.h" />
		<Unit filename="include/Map.h" />
		<Unit filename="include/MenuEscState.h" />
		<Unit filename="include/MenuInitialState.h" />
		<Unit filename="include/MenuInventarioState.h" />
		<Unit filename="include/MenuOptionsGameState.h" />
		<Unit filename="include/MenuOptionsState.h" />
		<Unit filename="include/Music.h" />
		<Unit filename="include/Object.h" />
		<Unit filename="include/Player.h" />
		<Unit filename="include/Potion.h" />
		<Unit filename="include/Shield.h" />
		<Unit filename="include/Skelleton.h" />
		<Unit filename="include/State.h" />
		<Unit filename="include/Sword.h" />
		<Unit filename="include/Timer.h" />
		<Unit filename="include/Weapon.h" />
		<Unit filename="src/BaseGame.cpp" />
		<Unit filename="src/Character.cpp" />
		<Unit filename="src/Dao/DAOManager.cpp" />
		<Unit filename="src/Dao/DAOMap.cpp" />
		<Unit filename="src/Drawable.cpp" />
		<Unit filename="src/Enemy.cpp" />
		<Unit filename="src/GameState.cpp" />
		<Unit filename="src/GameStateManager.cpp" />
		<Unit filename="src/House.cpp" />
		<Unit filename="src/Inventory.cpp" />
		<Unit filename="src/Main/Main.cpp" />
		<Unit filename="src/Map.cpp" />
		<Unit filename="src/MenuEscState.cpp" />
		<Unit filename="src/MenuInitialState.cpp" />
		<Unit filename="src/MenuInventarioState.cpp" />
		<Unit filename="src/MenuOptionsGameState.cpp" />
		<Unit filename="src/MenuOptionsState.cpp" />
		<Unit filename="src/Music.cpp" />
		<Unit filename="src/Object.cpp" />
		<Unit filename="src/Player.cpp" />
		<Unit filename="src/Potion.cpp" />
		<Unit filename="src/Resources/Inventario.bmp" />
		<Unit filename="src/Resources/Mouse.bmp" />
<<<<<<< HEAD
=======
		<Unit filename="src/Resources/Music/wah_fuzz.wav" />
>>>>>>> Develop
		<Unit filename="src/Resources/Player_Front.bmp" />
		<Unit filename="src/Resources/Player_Front_With_Sword.bmp" />
		<Unit filename="src/Resources/Player_W_Trans.bmp" />
		<Unit filename="src/Resources/Sprite1.bmp" />
		<Unit filename="src/Resources/back.bmp" />
		<Unit filename="src/Resources/back_pressed.bmp" />
		<Unit filename="src/Resources/background_menu_initial.bmp" />
		<Unit filename="src/Resources/background_menuinitial.bmp" />
		<Unit filename="src/Resources/grass.bmp" />
		<Unit filename="src/Resources/house.bmp" />
		<Unit filename="src/Resources/house1.bmp" />
		<Unit filename="src/Resources/leave.bmp" />
		<Unit filename="src/Resources/leave_pressed.bmp" />
		<Unit filename="src/Resources/level_easy.bmp" />
		<Unit filename="src/Resources/level_easy_pressed.bmp" />
		<Unit filename="src/Resources/level_hard.bmp" />
		<Unit filename="src/Resources/level_hard_pressed.bmp" />
		<Unit filename="src/Resources/level_medium.bmp" />
		<Unit filename="src/Resources/level_medium_pressed.bmp" />
		<Unit filename="src/Resources/menu_initial.bmp" />
		<Unit filename="src/Resources/menu_initial_pressed.bmp" />
		<Unit filename="src/Resources/music.bmp" />
		<Unit filename="src/Resources/music_checked.bmp" />
		<Unit filename="src/Resources/music_checked_pressed.bmp" />
		<Unit filename="src/Resources/music_pressed.bmp" />
		<Unit filename="src/Resources/new_game.bmp" />
		<Unit filename="src/Resources/new_game_pressed.bmp" />
		<Unit filename="src/Resources/options.bmp" />
		<Unit filename="src/Resources/options_pressed.bmp" />
		<Unit filename="src/Resources/player_inventory.bmp" />
		<Unit filename="src/Resources/return.bmp" />
		<Unit filename="src/Resources/rocks.bmp" />
		<Unit filename="src/Resources/shield_logo_all.bmp" />
		<Unit filename="src/Shield.cpp" />
		<Unit filename="src/Skelleton.cpp" />
		<Unit filename="src/Sword.cpp" />
		<Unit filename="src/Timer.cpp" />
		<Unit filename="src/Weapon.cpp" />
		<Extensions>
			<code_completion />
			<envvars />
			<debugger />
		</Extensions>
	</Project>
</CodeBlocks_project_file>
